// !$*UTF8*$!
{
	archiveVersion = 1;
	classes = {
	};
	objectVersion = 46;
	objects = {

/* Begin PBXBuildFile section */
		1F63C167194A0B6C0065CFF8 /* AppDelegate.swift in Sources */ = {isa = PBXBuildFile; fileRef = 1F63C166194A0B6C0065CFF8 /* AppDelegate.swift */; };
		1F63C169194A0B6C0065CFF8 /* ViewController.swift in Sources */ = {isa = PBXBuildFile; fileRef = 1F63C168194A0B6C0065CFF8 /* ViewController.swift */; };
		1F63C16C194A0B6C0065CFF8 /* Main.storyboard in Resources */ = {isa = PBXBuildFile; fileRef = 1F63C16A194A0B6C0065CFF8 /* Main.storyboard */; };
		1F63C16E194A0B6C0065CFF8 /* Images.xcassets in Resources */ = {isa = PBXBuildFile; fileRef = 1F63C16D194A0B6C0065CFF8 /* Images.xcassets */; };
		1F63C17A194A0B6C0065CFF8 /* TestAppTests.swift in Sources */ = {isa = PBXBuildFile; fileRef = 1F63C179194A0B6C0065CFF8 /* TestAppTests.swift */; };
/* End PBXBuildFile section */

/* Begin PBXContainerItemProxy section */
		1F63C174194A0B6C0065CFF8 /* PBXContainerItemProxy */ = {
			isa = PBXContainerItemProxy;
			containerPortal = 1F63C159194A0B6C0065CFF8 /* Project object */;
			proxyType = 1;
			remoteGlobalIDString = 1F63C160194A0B6C0065CFF8;
			remoteInfo = TestApp;
		};
/* End PBXContainerItemProxy section */

/* Begin PBXFileReference section */
		1F63C161194A0B6C0065CFF8 /* TestApp.app */ = {isa = PBXFileReference; explicitFileType = wrapper.application; includeInIndex = 0; path = TestApp.app; sourceTree = BUILT_PRODUCTS_DIR; };
		1F63C165194A0B6C0065CFF8 /* Info.plist */ = {isa = PBXFileReference; lastKnownFileType = text.plist.xml; path = Info.plist; sourceTree = "<group>"; };
		1F63C166194A0B6C0065CFF8 /* AppDelegate.swift */ = {isa = PBXFileReference; lastKnownFileType = sourcecode.swift; path = AppDelegate.swift; sourceTree = "<group>"; };
		1F63C168194A0B6C0065CFF8 /* ViewController.swift */ = {isa = PBXFileReference; lastKnownFileType = sourcecode.swift; path = ViewController.swift; sourceTree = "<group>"; };
		1F63C16B194A0B6C0065CFF8 /* Base */ = {isa = PBXFileReference; lastKnownFileType = file.storyboard; name = Base; path = Base.lproj/Main.storyboard; sourceTree = "<group>"; };
		1F63C16D194A0B6C0065CFF8 /* Images.xcassets */ = {isa = PBXFileReference; lastKnownFileType = folder.assetcatalog; path = Images.xcassets; sourceTree = "<group>"; };
		1F63C173194A0B6C0065CFF8 /* TestAppTests.xctest */ = {isa = PBXFileReference; explicitFileType = wrapper.cfbundle; includeInIndex = 0; path = TestAppTests.xctest; sourceTree = BUILT_PRODUCTS_DIR; };
		1F63C178194A0B6C0065CFF8 /* Info.plist */ = {isa = PBXFileReference; lastKnownFileType = text.plist.xml; path = Info.plist; sourceTree = "<group>"; };
		1F63C179194A0B6C0065CFF8 /* TestAppTests.swift */ = {isa = PBXFileReference; lastKnownFileType = sourcecode.swift; path = TestAppTests.swift; sourceTree = "<group>"; };
/* End PBXFileReference section */

/* Begin PBXFrameworksBuildPhase section */
		1F63C15E194A0B6C0065CFF8 /* Frameworks */ = {
			isa = PBXFrameworksBuildPhase;
			buildActionMask = 2147483647;
			files = (
			);
			runOnlyForDeploymentPostprocessing = 0;
		};
		1F63C170194A0B6C0065CFF8 /* Frameworks */ = {
			isa = PBXFrameworksBuildPhase;
			buildActionMask = 2147483647;
			files = (
			);
			runOnlyForDeploymentPostprocessing = 0;
		};
/* End PBXFrameworksBuildPhase section */

/* Begin PBXGroup section */
		1F63C158194A0B6C0065CFF8 = {
			isa = PBXGroup;
			children = (
				1F63C163194A0B6C0065CFF8 /* TestApp */,
				1F63C176194A0B6C0065CFF8 /* TestAppTests */,
				1F63C162194A0B6C0065CFF8 /* Products */,
			);
			sourceTree = "<group>";
		};
		1F63C162194A0B6C0065CFF8 /* Products */ = {
			isa = PBXGroup;
			children = (
				1F63C161194A0B6C0065CFF8 /* TestApp.app */,
				1F63C173194A0B6C0065CFF8 /* TestAppTests.xctest */,
			);
			name = Products;
			sourceTree = "<group>";
		};
		1F63C163194A0B6C0065CFF8 /* TestApp */ = {
			isa = PBXGroup;
			children = (
				1F63C166194A0B6C0065CFF8 /* AppDelegate.swift */,
				1F63C168194A0B6C0065CFF8 /* ViewController.swift */,
				1F63C16A194A0B6C0065CFF8 /* Main.storyboard */,
				1F63C16D194A0B6C0065CFF8 /* Images.xcassets */,
				1F63C164194A0B6C0065CFF8 /* Supporting Files */,
			);
			path = TestApp;
			sourceTree = "<group>";
		};
		1F63C164194A0B6C0065CFF8 /* Supporting Files */ = {
			isa = PBXGroup;
			children = (
				1F63C165194A0B6C0065CFF8 /* Info.plist */,
			);
			name = "Supporting Files";
			sourceTree = "<group>";
		};
		1F63C176194A0B6C0065CFF8 /* TestAppTests */ = {
			isa = PBXGroup;
			children = (
				1F63C179194A0B6C0065CFF8 /* TestAppTests.swift */,
				1F63C177194A0B6C0065CFF8 /* Supporting Files */,
			);
			path = TestAppTests;
			sourceTree = "<group>";
		};
		1F63C177194A0B6C0065CFF8 /* Supporting Files */ = {
			isa = PBXGroup;
			children = (
				1F63C178194A0B6C0065CFF8 /* Info.plist */,
			);
			name = "Supporting Files";
			sourceTree = "<group>";
		};
/* End PBXGroup section */

/* Begin PBXNativeTarget section */
		1F63C160194A0B6C0065CFF8 /* TestApp */ = {
			isa = PBXNativeTarget;
			buildConfigurationList = 1F63C17D194A0B6C0065CFF8 /* Build configuration list for PBXNativeTarget "TestApp" */;
			buildPhases = (
				1F63C15D194A0B6C0065CFF8 /* Sources */,
				1F63C15E194A0B6C0065CFF8 /* Frameworks */,
				1F63C15F194A0B6C0065CFF8 /* Resources */,
			);
			buildRules = (
			);
			dependencies = (
			);
			name = TestApp;
			productName = TestApp;
			productReference = 1F63C161194A0B6C0065CFF8 /* TestApp.app */;
			productType = "com.apple.product-type.application";
		};
		1F63C172194A0B6C0065CFF8 /* TestAppTests */ = {
			isa = PBXNativeTarget;
			buildConfigurationList = 1F63C180194A0B6C0065CFF8 /* Build configuration list for PBXNativeTarget "TestAppTests" */;
			buildPhases = (
				1F63C16F194A0B6C0065CFF8 /* Sources */,
				1F63C170194A0B6C0065CFF8 /* Frameworks */,
				1F63C171194A0B6C0065CFF8 /* Resources */,
			);
			buildRules = (
			);
			dependencies = (
				1F63C175194A0B6C0065CFF8 /* PBXTargetDependency */,
			);
			name = TestAppTests;
			productName = TestAppTests;
			productReference = 1F63C173194A0B6C0065CFF8 /* TestAppTests.xctest */;
			productType = "com.apple.product-type.bundle.unit-test";
		};
/* End PBXNativeTarget section */

/* Begin PBXProject section */
		1F63C159194A0B6C0065CFF8 /* Project object */ = {
			isa = PBXProject;
			attributes = {
				LastUpgradeCheck = 0600;
				ORGANIZATIONNAME = zhang;
				TargetAttributes = {
					1F63C160194A0B6C0065CFF8 = {
						CreatedOnToolsVersion = 6.0;
					};
					1F63C172194A0B6C0065CFF8 = {
						CreatedOnToolsVersion = 6.0;
						TestTargetID = 1F63C160194A0B6C0065CFF8;
					};
				};
			};
			buildConfigurationList = 1F63C15C194A0B6C0065CFF8 /* Build configuration list for PBXProject "TestApp" */;
			compatibilityVersion = "Xcode 3.2";
			developmentRegion = English;
			hasScannedForEncodings = 0;
			knownRegions = (
				en,
				Base,
			);
			mainGroup = 1F63C158194A0B6C0065CFF8;
			productRefGroup = 1F63C162194A0B6C0065CFF8 /* Products */;
			projectDirPath = "";
			projectRoot = "";
			targets = (
				1F63C160194A0B6C0065CFF8 /* TestApp */,
				1F63C172194A0B6C0065CFF8 /* TestAppTests */,
			);
		};
/* End PBXProject section */

/* Begin PBXResourcesBuildPhase section */
		1F63C15F194A0B6C0065CFF8 /* Resources */ = {
			isa = PBXResourcesBuildPhase;
			buildActionMask = 2147483647;
			files = (
				1F63C16C194A0B6C0065CFF8 /* Main.storyboard in Resources */,
				1F63C16E194A0B6C0065CFF8 /* Images.xcassets in Resources */,
			);
			runOnlyForDeploymentPostprocessing = 0;
		};
		1F63C171194A0B6C0065CFF8 /* Resources */ = {
			isa = PBXResourcesBuildPhase;
			buildActionMask = 2147483647;
			files = (
			);
			runOnlyForDeploymentPostprocessing = 0;
		};
/* End PBXResourcesBuildPhase section */

/* Begin PBXSourcesBuildPhase section */
		1F63C15D194A0B6C0065CFF8 /* Sources */ = {
			isa = PBXSourcesBuildPhase;
			buildActionMask = 2147483647;
			files = (
				1F63C169194A0B6C0065CFF8 /* ViewController.swift in Sources */,
				1F63C167194A0B6C0065CFF8 /* AppDelegate.swift in Sources */,
			);
			runOnlyForDeploymentPostprocessing = 0;
		};
		1F63C16F194A0B6C0065CFF8 /* Sources */ = {
			isa = PBXSourcesBuildPhase;
			buildActionMask = 2147483647;
			files = (
				1F63C17A194A0B6C0065CFF8 /* TestAppTests.swift in Sources */,
			);
			runOnlyForDeploymentPostprocessing = 0;
		};
/* End PBXSourcesBuildPhase section */

/* Begin PBXTargetDependency section */
		1F63C175194A0B6C0065CFF8 /* PBXTargetDependency */ = {
			isa = PBXTargetDependency;
			target = 1F63C160194A0B6C0065CFF8 /* TestApp */;
			targetProxy = 1F63C174194A0B6C0065CFF8 /* PBXContainerItemProxy */;
		};
/* End PBXTargetDependency section */

/* Begin PBXVariantGroup section */
		1F63C16A194A0B6C0065CFF8 /* Main.storyboard */ = {
			isa = PBXVariantGroup;
			children = (
				1F63C16B194A0B6C0065CFF8 /* Base */,
			);
			name = Main.storyboard;
			sourceTree = "<group>";
		};
/* End PBXVariantGroup section */

/* Begin XCBuildConfiguration section */
		1F63C17B194A0B6C0065CFF8 /* Debug */ = {
			isa = XCBuildConfiguration;
			buildSettings = {
				ALWAYS_SEARCH_USER_PATHS = NO;
				CLANG_CXX_LANGUAGE_STANDARD = "gnu++0x";
				CLANG_CXX_LIBRARY = "libc++";
				CLANG_ENABLE_MODULES = YES;
				CLANG_ENABLE_OBJC_ARC = YES;
				CLANG_WARN_BOOL_CONVERSION = YES;
				CLANG_WARN_CONSTANT_CONVERSION = YES;
				CLANG_WARN_DIRECT_OBJC_ISA_USAGE = YES_ERROR;
				CLANG_WARN_EMPTY_BODY = YES;
				CLANG_WARN_ENUM_CONVERSION = YES;
				CLANG_WARN_INT_CONVERSION = YES;
				CLANG_WARN_OBJC_ROOT_CLASS = YES_ERROR;
				CLANG_WARN_UNREACHABLE_CODE = YES;
				CLANG_WARN__DUPLICATE_METHOD_MATCH = YES;
				"CODE_SIGN_IDENTITY[sdk=iphoneos*]" = "iPhone Developer";
				COPY_PHASE_STRIP = NO;
				ENABLE_STRICT_OBJC_MSGSEND = YES;
				GCC_C_LANGUAGE_STANDARD = gnu99;
				GCC_DYNAMIC_NO_PIC = NO;
				GCC_OPTIMIZATION_LEVEL = 0;
				GCC_PREPROCESSOR_DEFINITIONS = (
					"DEBUG=1",
					"$(inherited)",
				);
				GCC_SYMBOLS_PRIVATE_EXTERN = NO;
				GCC_WARN_64_TO_32_BIT_CONVERSION = YES;
				GCC_WARN_ABOUT_RETURN_TYPE = YES_ERROR;
				GCC_WARN_UNDECLARED_SELECTOR = YES;
				GCC_WARN_UNINITIALIZED_AUTOS = YES_AGGRESSIVE;
				GCC_WARN_UNUSED_FUNCTION = YES;
				GCC_WARN_UNUSED_VARIABLE = YES;
				IPHONEOS_DEPLOYMENT_TARGET = 8.0;
				METAL_ENABLE_DEBUG_INFO = YES;
				ONLY_ACTIVE_ARCH = YES;
				SDKROOT = iphoneos;
				SWIFT_OPTIMIZATION_LEVEL = "-Onone";
			};
			name = Debug;
		};
		1F63C17C194A0B6C0065CFF8 /* Release */ = {
			isa = XCBuildConfiguration;
			buildSettings = {
				ALWAYS_SEARCH_USER_PATHS = NO;
				CLANG_CXX_LANGUAGE_STANDARD = "gnu++0x";
				CLANG_CXX_LIBRARY = "libc++";
				CLANG_ENABLE_MODULES = YES;
				CLANG_ENABLE_OBJC_ARC = YES;
				CLANG_WARN_BOOL_CONVERSION = YES;
				CLANG_WARN_CONSTANT_CONVERSION = YES;
				CLANG_WARN_DIRECT_OBJC_ISA_USAGE = YES_ERROR;
				CLANG_WARN_EMPTY_BODY = YES;
				CLANG_WARN_ENUM_CONVERSION = YES;
				CLANG_WARN_INT_CONVERSION = YES;
				CLANG_WARN_OBJC_ROOT_CLASS = YES_ERROR;
				CLANG_WARN_UNREACHABLE_CODE = YES;
				CLANG_WARN__DUPLICATE_METHOD_MATCH = YES;
				"CODE_SIGN_IDENTITY[sdk=iphoneos*]" = "iPhone Developer";
				COPY_PHASE_STRIP = YES;
				ENABLE_NS_ASSERTIONS = NO;
				ENABLE_STRICT_OBJC_MSGSEND = YES;
				GCC_C_LANGUAGE_STANDARD = gnu99;
				GCC_WARN_64_TO_32_BIT_CONVERSION = YES;
				GCC_WARN_ABOUT_RETURN_TYPE = YES_ERROR;
				GCC_WARN_UNDECLARED_SELECTOR = YES;
				GCC_WARN_UNINITIALIZED_AUTOS = YES_AGGRESSIVE;
				GCC_WARN_UNUSED_FUNCTION = YES;
				GCC_WARN_UNUSED_VARIABLE = YES;
				IPHONEOS_DEPLOYMENT_TARGET = 8.0;
				METAL_ENABLE_DEBUG_INFO = NO;
				SDKROOT = iphoneos;
				VALIDATE_PRODUCT = YES;
			};
			name = Release;
		};
		1F63C17E194A0B6C0065CFF8 /* Debug */ = {
			isa = XCBuildConfiguration;
			buildSettings = {
				ASSETCATALOG_COMPILER_APPICON_NAME = AppIcon;
				ASSETCATALOG_COMPILER_LAUNCHIMAGE_NAME = LaunchImage;
				INFOPLIST_FILE = TestApp/Info.plist;
				IPHONEOS_DEPLOYMENT_TARGET = 6.0;
				LD_RUNPATH_SEARCH_PATHS = "$(inherited) @executable_path/Frameworks";
				PRODUCT_NAME = "$(TARGET_NAME)";
			};
			name = Debug;
		};
		1F63C17F194A0B6C0065CFF8 /* Release */ = {
			isa = XCBuildConfiguration;
			buildSettings = {
				ASSETCATALOG_COMPILER_APPICON_NAME = AppIcon;
				ASSETCATALOG_COMPILER_LAUNCHIMAGE_NAME = LaunchImage;
				INFOPLIST_FILE = TestApp/Info.plist;
				IPHONEOS_DEPLOYMENT_TARGET = 6.0;
				LD_RUNPATH_SEARCH_PATHS = "$(inherited) @executable_path/Frameworks";
				PRODUCT_NAME = "$(TARGET_NAME)";
			};
			name = Release;
		};
		1F63C181194A0B6C0065CFF8 /* Debug */ = {
			isa = XCBuildConfiguration;
			buildSettings = {
				BUNDLE_LOADER = "$(BUILT_PRODUCTS_DIR)/TestApp.app/TestApp";
				FRAMEWORK_SEARCH_PATHS = (
					"$(SDKROOT)/Developer/Library/Frameworks",
					"$(inherited)",
				);
				GCC_PREPROCESSOR_DEFINITIONS = (
					"DEBUG=1",
					"$(inherited)",
				);
				INFOPLIST_FILE = TestAppTests/Info.plist;
				LD_RUNPATH_SEARCH_PATHS = "$(inherited) @executable_path/Frameworks @loader_path/Frameworks";
				METAL_ENABLE_DEBUG_INFO = YES;
				PRODUCT_NAME = "$(TARGET_NAME)";
				TEST_HOST = "$(BUNDLE_LOADER)";
			};
			name = Debug;
		};
		1F63C182194A0B6C0065CFF8 /* Release */ = {
			isa = XCBuildConfiguration;
			buildSettings = {
				BUNDLE_LOADER = "$(BUILT_PRODUCTS_DIR)/TestApp.app/TestApp";
				FRAMEWORK_SEARCH_PATHS = (
					"$(SDKROOT)/Developer/Library/Frameworks",
					"$(inherited)",
				);
				INFOPLIST_FILE = TestAppTests/Info.plist;
				LD_RUNPATH_SEARCH_PATHS = "$(inherited) @executable_path/Frameworks @loader_path/Frameworks";
				METAL_ENABLE_DEBUG_INFO = NO;
				PRODUCT_NAME = "$(TARGET_NAME)";
				TEST_HOST = "$(BUNDLE_LOADER)";
			};
			name = Release;
		};
/* End XCBuildConfiguration section */

/* Begin XCConfigurationList section */
		1F63C15C194A0B6C0065CFF8 /* Build configuration list for PBXProject "TestApp" */ = {
			isa = XCConfigurationList;
			buildConfigurations = (
				1F63C17B194A0B6C0065CFF8 /* Debug */,
				1F63C17C194A0B6C0065CFF8 /* Release */,
			);
			defaultConfigurationIsVisible = 0;
			defaultConfigurationName = Release;
		};
		1F63C17D194A0B6C0065CFF8 /* Build configuration list for PBXNativeTarget "TestApp" */ = {
			isa = XCConfigurationList;
			buildConfigurations = (
				1F63C17E194A0B6C0065CFF8 /* Debug */,
				1F63C17F194A0B6C0065CFF8 /* Release */,
			);
			defaultConfigurationIsVisible = 0;
			defaultConfigurationName = Release;
		};
		1F63C180194A0B6C0065CFF8 /* Build configuration list for PBXNativeTarget "TestAppTests" */ = {
			isa = XCConfigurationList;
			buildConfigurations = (
				1F63C181194A0B6C0065CFF8 /* Debug */,
				1F63C182194A0B6C0065CFF8 /* Release */,
			);
			defaultConfigurationIsVisible = 0;
			defaultConfigurationName = Release;
		};
/* End XCConfigurationList section */
	};
	rootObject = 1F63C159194A0B6C0065CFF8 /* Project object */;
}
