// !$*UTF8*$!
{
	archiveVersion = 1;
	classes = {
	};
	objectVersion = 46;
	objects = {

/* Begin PBXBuildFile section */
		1F47EF7E195936BD0003955C /* 变更手机号码.png in Resources */ = {isa = PBXBuildFile; fileRef = 1F47EF70195936BD0003955C /* 变更手机号码.png */; };
		1F47EF7F195936BD0003955C /* 二维码.png in Resources */ = {isa = PBXBuildFile; fileRef = 1F47EF71195936BD0003955C /* 二维码.png */; };
		1F47EF80195936BD0003955C /* 风险提示.png in Resources */ = {isa = PBXBuildFile; fileRef = 1F47EF72195936BD0003955C /* 风险提示.png */; };
		1F47EF81195936BD0003955C /* 交易授权.png in Resources */ = {isa = PBXBuildFile; fileRef = 1F47EF73195936BD0003955C /* 交易授权.png */; };
		1F47EF82195936BD0003955C /* 删除.png in Resources */ = {isa = PBXBuildFile; fileRef = 1F47EF74195936BD0003955C /* 删除.png */; };
		1F47EF83195936BD0003955C /* 身份信息.png in Resources */ = {isa = PBXBuildFile; fileRef = 1F47EF75195936BD0003955C /* 身份信息.png */; };
		1F47EF84195936BD0003955C /* 锁.png in Resources */ = {isa = PBXBuildFile; fileRef = 1F47EF76195936BD0003955C /* 锁.png */; };
		1F47EF85195936BD0003955C /* 添加.png in Resources */ = {isa = PBXBuildFile; fileRef = 1F47EF77195936BD0003955C /* 添加.png */; };
		1F47EF86195936BD0003955C /* 推送.png in Resources */ = {isa = PBXBuildFile; fileRef = 1F47EF78195936BD0003955C /* 推送.png */; };
		1F47EF87195936BD0003955C /* 一键锁.png in Resources */ = {isa = PBXBuildFile; fileRef = 1F47EF79195936BD0003955C /* 一键锁.png */; };
		1F47EF88195936BD0003955C /* 邮箱.png in Resources */ = {isa = PBXBuildFile; fileRef = 1F47EF7A195936BD0003955C /* 邮箱.png */; };
		1F47EF89195936BD0003955C /* 找.png in Resources */ = {isa = PBXBuildFile; fileRef = 1F47EF7B195936BD0003955C /* 找.png */; };
		1F47EF8A195936BD0003955C /* xwf登录.png in Resources */ = {isa = PBXBuildFile; fileRef = 1F47EF7C195936BD0003955C /* xwf登录.png */; };
		1F47EF8B195936BD0003955C /* xwf退出.png in Resources */ = {isa = PBXBuildFile; fileRef = 1F47EF7D195936BD0003955C /* xwf退出.png */; };
		1F80FE03194DEE2100623DD0 /* AppDelegate.swift in Sources */ = {isa = PBXBuildFile; fileRef = 1F80FE02194DEE2100623DD0 /* AppDelegate.swift */; };
		1F80FE05194DEE2100623DD0 /* ViewController.swift in Sources */ = {isa = PBXBuildFile; fileRef = 1F80FE04194DEE2100623DD0 /* ViewController.swift */; };
		1F80FE08194DEE2100623DD0 /* Main.storyboard in Resources */ = {isa = PBXBuildFile; fileRef = 1F80FE06194DEE2100623DD0 /* Main.storyboard */; };
		1F80FE0A194DEE2100623DD0 /* Images.xcassets in Resources */ = {isa = PBXBuildFile; fileRef = 1F80FE09194DEE2100623DD0 /* Images.xcassets */; };
		1F80FE16194DEE2100623DD0 /* TestAppTests.swift in Sources */ = {isa = PBXBuildFile; fileRef = 1F80FE15194DEE2100623DD0 /* TestAppTests.swift */; };
/* End PBXBuildFile section */

/* Begin PBXContainerItemProxy section */
		1F80FE10194DEE2100623DD0 /* PBXContainerItemProxy */ = {
			isa = PBXContainerItemProxy;
			containerPortal = 1F80FDF5194DEE2100623DD0 /* Project object */;
			proxyType = 1;
			remoteGlobalIDString = 1F80FDFC194DEE2100623DD0;
			remoteInfo = TestApp;
		};
/* End PBXContainerItemProxy section */

/* Begin PBXFileReference section */
		1F47EF70195936BD0003955C /* 变更手机号码.png */ = {isa = PBXFileReference; lastKnownFileType = image.png; path = "变更手机号码.png"; sourceTree = "<group>"; };
		1F47EF71195936BD0003955C /* 二维码.png */ = {isa = PBXFileReference; lastKnownFileType = image.png; path = "二维码.png"; sourceTree = "<group>"; };
		1F47EF72195936BD0003955C /* 风险提示.png */ = {isa = PBXFileReference; lastKnownFileType = image.png; path = "风险提示.png"; sourceTree = "<group>"; };
		1F47EF73195936BD0003955C /* 交易授权.png */ = {isa = PBXFileReference; lastKnownFileType = image.png; path = "交易授权.png"; sourceTree = "<group>"; };
		1F47EF74195936BD0003955C /* 删除.png */ = {isa = PBXFileReference; lastKnownFileType = image.png; path = "删除.png"; sourceTree = "<group>"; };
		1F47EF75195936BD0003955C /* 身份信息.png */ = {isa = PBXFileReference; lastKnownFileType = image.png; path = "身份信息.png"; sourceTree = "<group>"; };
		1F47EF76195936BD0003955C /* 锁.png */ = {isa = PBXFileReference; lastKnownFileType = image.png; path = "锁.png"; sourceTree = "<group>"; };
		1F47EF77195936BD0003955C /* 添加.png */ = {isa = PBXFileReference; lastKnownFileType = image.png; path = "添加.png"; sourceTree = "<group>"; };
		1F47EF78195936BD0003955C /* 推送.png */ = {isa = PBXFileReference; lastKnownFileType = image.png; path = "推送.png"; sourceTree = "<group>"; };
		1F47EF79195936BD0003955C /* 一键锁.png */ = {isa = PBXFileReference; lastKnownFileType = image.png; path = "一键锁.png"; sourceTree = "<group>"; };
		1F47EF7A195936BD0003955C /* 邮箱.png */ = {isa = PBXFileReference; lastKnownFileType = image.png; path = "邮箱.png"; sourceTree = "<group>"; };
		1F47EF7B195936BD0003955C /* 找.png */ = {isa = PBXFileReference; lastKnownFileType = image.png; path = "找.png"; sourceTree = "<group>"; };
		1F47EF7C195936BD0003955C /* xwf登录.png */ = {isa = PBXFileReference; lastKnownFileType = image.png; path = "xwf登录.png"; sourceTree = "<group>"; };
		1F47EF7D195936BD0003955C /* xwf退出.png */ = {isa = PBXFileReference; lastKnownFileType = image.png; path = "xwf退出.png"; sourceTree = "<group>"; };
		1F80FDFD194DEE2100623DD0 /* TestApp.app */ = {isa = PBXFileReference; explicitFileType = wrapper.application; includeInIndex = 0; path = TestApp.app; sourceTree = BUILT_PRODUCTS_DIR; };
		1F80FE01194DEE2100623DD0 /* Info.plist */ = {isa = PBXFileReference; lastKnownFileType = text.plist.xml; path = Info.plist; sourceTree = "<group>"; };
		1F80FE02194DEE2100623DD0 /* AppDelegate.swift */ = {isa = PBXFileReference; lastKnownFileType = sourcecode.swift; path = AppDelegate.swift; sourceTree = "<group>"; };
		1F80FE04194DEE2100623DD0 /* ViewController.swift */ = {isa = PBXFileReference; lastKnownFileType = sourcecode.swift; path = ViewController.swift; sourceTree = "<group>"; };
		1F80FE07194DEE2100623DD0 /* Base */ = {isa = PBXFileReference; lastKnownFileType = file.storyboard; name = Base; path = Base.lproj/Main.storyboard; sourceTree = "<group>"; };
		1F80FE09194DEE2100623DD0 /* Images.xcassets */ = {isa = PBXFileReference; lastKnownFileType = folder.assetcatalog; path = Images.xcassets; sourceTree = "<group>"; };
		1F80FE0F194DEE2100623DD0 /* TestAppTests.xctest */ = {isa = PBXFileReference; explicitFileType = wrapper.cfbundle; includeInIndex = 0; path = TestAppTests.xctest; sourceTree = BUILT_PRODUCTS_DIR; };
		1F80FE14194DEE2100623DD0 /* Info.plist */ = {isa = PBXFileReference; lastKnownFileType = text.plist.xml; path = Info.plist; sourceTree = "<group>"; };
		1F80FE15194DEE2100623DD0 /* TestAppTests.swift */ = {isa = PBXFileReference; lastKnownFileType = sourcecode.swift; path = TestAppTests.swift; sourceTree = "<group>"; };
/* End PBXFileReference section */

/* Begin PBXFrameworksBuildPhase section */
		1F80FDFA194DEE2100623DD0 /* Frameworks */ = {
			isa = PBXFrameworksBuildPhase;
			buildActionMask = 2147483647;
			files = (
			);
			runOnlyForDeploymentPostprocessing = 0;
		};
		1F80FE0C194DEE2100623DD0 /* Frameworks */ = {
			isa = PBXFrameworksBuildPhase;
			buildActionMask = 2147483647;
			files = (
			);
			runOnlyForDeploymentPostprocessing = 0;
		};
/* End PBXFrameworksBuildPhase section */

/* Begin PBXGroup section */
		1F47EF4B195921020003955C /* Images */ = {
			isa = PBXGroup;
			children = (
				1F47EF70195936BD0003955C /* 变更手机号码.png */,
				1F47EF71195936BD0003955C /* 二维码.png */,
				1F47EF72195936BD0003955C /* 风险提示.png */,
				1F47EF73195936BD0003955C /* 交易授权.png */,
				1F47EF74195936BD0003955C /* 删除.png */,
				1F47EF75195936BD0003955C /* 身份信息.png */,
				1F47EF76195936BD0003955C /* 锁.png */,
				1F47EF77195936BD0003955C /* 添加.png */,
				1F47EF78195936BD0003955C /* 推送.png */,
				1F47EF79195936BD0003955C /* 一键锁.png */,
				1F47EF7A195936BD0003955C /* 邮箱.png */,
				1F47EF7B195936BD0003955C /* 找.png */,
				1F47EF7C195936BD0003955C /* xwf登录.png */,
				1F47EF7D195936BD0003955C /* xwf退出.png */,
			);
			name = Images;
			sourceTree = "<group>";
		};
		1F80FDF4194DEE2100623DD0 = {
			isa = PBXGroup;
			children = (
				1F80FDFF194DEE2100623DD0 /* TestApp */,
				1F80FE12194DEE2100623DD0 /* TestAppTests */,
				1F80FDFE194DEE2100623DD0 /* Products */,
			);
			sourceTree = "<group>";
		};
		1F80FDFE194DEE2100623DD0 /* Products */ = {
			isa = PBXGroup;
			children = (
				1F80FDFD194DEE2100623DD0 /* TestApp.app */,
				1F80FE0F194DEE2100623DD0 /* TestAppTests.xctest */,
			);
			name = Products;
			sourceTree = "<group>";
		};
		1F80FDFF194DEE2100623DD0 /* TestApp */ = {
			isa = PBXGroup;
			children = (
				1F47EF4B195921020003955C /* Images */,
				1F80FE02194DEE2100623DD0 /* AppDelegate.swift */,
				1F80FE04194DEE2100623DD0 /* ViewController.swift */,
				1F80FE06194DEE2100623DD0 /* Main.storyboard */,
				1F80FE09194DEE2100623DD0 /* Images.xcassets */,
				1F80FE00194DEE2100623DD0 /* Supporting Files */,
			);
			path = TestApp;
			sourceTree = "<group>";
		};
		1F80FE00194DEE2100623DD0 /* Supporting Files */ = {
			isa = PBXGroup;
			children = (
				1F80FE01194DEE2100623DD0 /* Info.plist */,
			);
			name = "Supporting Files";
			sourceTree = "<group>";
		};
		1F80FE12194DEE2100623DD0 /* TestAppTests */ = {
			isa = PBXGroup;
			children = (
				1F80FE15194DEE2100623DD0 /* TestAppTests.swift */,
				1F80FE13194DEE2100623DD0 /* Supporting Files */,
			);
			path = TestAppTests;
			sourceTree = "<group>";
		};
		1F80FE13194DEE2100623DD0 /* Supporting Files */ = {
			isa = PBXGroup;
			children = (
				1F80FE14194DEE2100623DD0 /* Info.plist */,
			);
			name = "Supporting Files";
			sourceTree = "<group>";
		};
/* End PBXGroup section */

/* Begin PBXNativeTarget section */
		1F80FDFC194DEE2100623DD0 /* TestApp */ = {
			isa = PBXNativeTarget;
			buildConfigurationList = 1F80FE19194DEE2100623DD0 /* Build configuration list for PBXNativeTarget "TestApp" */;
			buildPhases = (
				1F80FDF9194DEE2100623DD0 /* Sources */,
				1F80FDFA194DEE2100623DD0 /* Frameworks */,
				1F80FDFB194DEE2100623DD0 /* Resources */,
			);
			buildRules = (
			);
			dependencies = (
			);
			name = TestApp;
			productName = TestApp;
			productReference = 1F80FDFD194DEE2100623DD0 /* TestApp.app */;
			productType = "com.apple.product-type.application";
		};
		1F80FE0E194DEE2100623DD0 /* TestAppTests */ = {
			isa = PBXNativeTarget;
			buildConfigurationList = 1F80FE1C194DEE2100623DD0 /* Build configuration list for PBXNativeTarget "TestAppTests" */;
			buildPhases = (
				1F80FE0B194DEE2100623DD0 /* Sources */,
				1F80FE0C194DEE2100623DD0 /* Frameworks */,
				1F80FE0D194DEE2100623DD0 /* Resources */,
			);
			buildRules = (
			);
			dependencies = (
				1F80FE11194DEE2100623DD0 /* PBXTargetDependency */,
			);
			name = TestAppTests;
			productName = TestAppTests;
			productReference = 1F80FE0F194DEE2100623DD0 /* TestAppTests.xctest */;
			productType = "com.apple.product-type.bundle.unit-test";
		};
/* End PBXNativeTarget section */

/* Begin PBXProject section */
		1F80FDF5194DEE2100623DD0 /* Project object */ = {
			isa = PBXProject;
			attributes = {
				LastUpgradeCheck = 0600;
				ORGANIZATIONNAME = zhang;
				TargetAttributes = {
					1F80FDFC194DEE2100623DD0 = {
						CreatedOnToolsVersion = 6.0;
					};
					1F80FE0E194DEE2100623DD0 = {
						CreatedOnToolsVersion = 6.0;
						TestTargetID = 1F80FDFC194DEE2100623DD0;
					};
				};
			};
			buildConfigurationList = 1F80FDF8194DEE2100623DD0 /* Build configuration list for PBXProject "TestApp" */;
			compatibilityVersion = "Xcode 3.2";
			developmentRegion = English;
			hasScannedForEncodings = 0;
			knownRegions = (
				en,
				Base,
			);
			mainGroup = 1F80FDF4194DEE2100623DD0;
			productRefGroup = 1F80FDFE194DEE2100623DD0 /* Products */;
			projectDirPath = "";
			projectRoot = "";
			targets = (
				1F80FDFC194DEE2100623DD0 /* TestApp */,
				1F80FE0E194DEE2100623DD0 /* TestAppTests */,
			);
		};
/* End PBXProject section */

/* Begin PBXResourcesBuildPhase section */
		1F80FDFB194DEE2100623DD0 /* Resources */ = {
			isa = PBXResourcesBuildPhase;
			buildActionMask = 2147483647;
			files = (
				1F47EF88195936BD0003955C /* 邮箱.png in Resources */,
				1F47EF85195936BD0003955C /* 添加.png in Resources */,
				1F47EF8A195936BD0003955C /* xwf登录.png in Resources */,
				1F80FE08194DEE2100623DD0 /* Main.storyboard in Resources */,
				1F47EF7E195936BD0003955C /* 变更手机号码.png in Resources */,
				1F47EF89195936BD0003955C /* 找.png in Resources */,
				1F47EF86195936BD0003955C /* 推送.png in Resources */,
				1F80FE0A194DEE2100623DD0 /* Images.xcassets in Resources */,
				1F47EF84195936BD0003955C /* 锁.png in Resources */,
				1F47EF83195936BD0003955C /* 身份信息.png in Resources */,
				1F47EF81195936BD0003955C /* 交易授权.png in Resources */,
				1F47EF8B195936BD0003955C /* xwf退出.png in Resources */,
				1F47EF80195936BD0003955C /* 风险提示.png in Resources */,
				1F47EF87195936BD0003955C /* 一键锁.png in Resources */,
				1F47EF7F195936BD0003955C /* 二维码.png in Resources */,
				1F47EF82195936BD0003955C /* 删除.png in Resources */,
			);
			runOnlyForDeploymentPostprocessing = 0;
		};
		1F80FE0D194DEE2100623DD0 /* Resources */ = {
			isa = PBXResourcesBuildPhase;
			buildActionMask = 2147483647;
			files = (
			);
			runOnlyForDeploymentPostprocessing = 0;
		};
/* End PBXResourcesBuildPhase section */

/* Begin PBXSourcesBuildPhase section */
		1F80FDF9194DEE2100623DD0 /* Sources */ = {
			isa = PBXSourcesBuildPhase;
			buildActionMask = 2147483647;
			files = (
				1F80FE05194DEE2100623DD0 /* ViewController.swift in Sources */,
				1F80FE03194DEE2100623DD0 /* AppDelegate.swift in Sources */,
			);
			runOnlyForDeploymentPostprocessing = 0;
		};
		1F80FE0B194DEE2100623DD0 /* Sources */ = {
			isa = PBXSourcesBuildPhase;
			buildActionMask = 2147483647;
			files = (
				1F80FE16194DEE2100623DD0 /* TestAppTests.swift in Sources */,
			);
			runOnlyForDeploymentPostprocessing = 0;
		};
/* End PBXSourcesBuildPhase section */

/* Begin PBXTargetDependency section */
		1F80FE11194DEE2100623DD0 /* PBXTargetDependency */ = {
			isa = PBXTargetDependency;
			target = 1F80FDFC194DEE2100623DD0 /* TestApp */;
			targetProxy = 1F80FE10194DEE2100623DD0 /* PBXContainerItemProxy */;
		};
/* End PBXTargetDependency section */

/* Begin PBXVariantGroup section */
		1F80FE06194DEE2100623DD0 /* Main.storyboard */ = {
			isa = PBXVariantGroup;
			children = (
				1F80FE07194DEE2100623DD0 /* Base */,
			);
			name = Main.storyboard;
			sourceTree = "<group>";
		};
/* End PBXVariantGroup section */

/* Begin XCBuildConfiguration section */
		1F80FE17194DEE2100623DD0 /* Debug */ = {
			isa = XCBuildConfiguration;
			buildSettings = {
				ALWAYS_SEARCH_USER_PATHS = NO;
				CLANG_CXX_LANGUAGE_STANDARD = "gnu++0x";
				CLANG_CXX_LIBRARY = "libc++";
				CLANG_ENABLE_MODULES = YES;
				CLANG_ENABLE_OBJC_ARC = YES;
				CLANG_WARN_BOOL_CONVERSION = YES;
				CLANG_WARN_CONSTANT_CONVERSION = YES;
				CLANG_WARN_DIRECT_OBJC_ISA_USAGE = YES_ERROR;
				CLANG_WARN_EMPTY_BODY = YES;
				CLANG_WARN_ENUM_CONVERSION = YES;
				CLANG_WARN_INT_CONVERSION = YES;
				CLANG_WARN_OBJC_ROOT_CLASS = YES_ERROR;
				CLANG_WARN_UNREACHABLE_CODE = YES;
				CLANG_WARN__DUPLICATE_METHOD_MATCH = YES;
				"CODE_SIGN_IDENTITY[sdk=iphoneos*]" = "iPhone Developer";
				COPY_PHASE_STRIP = NO;
				ENABLE_STRICT_OBJC_MSGSEND = YES;
				GCC_C_LANGUAGE_STANDARD = gnu99;
				GCC_DYNAMIC_NO_PIC = NO;
				GCC_OPTIMIZATION_LEVEL = 0;
				GCC_PREPROCESSOR_DEFINITIONS = (
					"DEBUG=1",
					"$(inherited)",
				);
				GCC_SYMBOLS_PRIVATE_EXTERN = NO;
				GCC_WARN_64_TO_32_BIT_CONVERSION = YES;
				GCC_WARN_ABOUT_RETURN_TYPE = YES_ERROR;
				GCC_WARN_UNDECLARED_SELECTOR = YES;
				GCC_WARN_UNINITIALIZED_AUTOS = YES_AGGRESSIVE;
				GCC_WARN_UNUSED_FUNCTION = YES;
				GCC_WARN_UNUSED_VARIABLE = YES;
				IPHONEOS_DEPLOYMENT_TARGET = 8.0;
				METAL_ENABLE_DEBUG_INFO = YES;
				ONLY_ACTIVE_ARCH = YES;
				SDKROOT = iphoneos;
				SWIFT_OPTIMIZATION_LEVEL = "-Onone";
			};
			name = Debug;
		};
		1F80FE18194DEE2100623DD0 /* Release */ = {
			isa = XCBuildConfiguration;
			buildSettings = {
				ALWAYS_SEARCH_USER_PATHS = NO;
				CLANG_CXX_LANGUAGE_STANDARD = "gnu++0x";
				CLANG_CXX_LIBRARY = "libc++";
				CLANG_ENABLE_MODULES = YES;
				CLANG_ENABLE_OBJC_ARC = YES;
				CLANG_WARN_BOOL_CONVERSION = YES;
				CLANG_WARN_CONSTANT_CONVERSION = YES;
				CLANG_WARN_DIRECT_OBJC_ISA_USAGE = YES_ERROR;
				CLANG_WARN_EMPTY_BODY = YES;
				CLANG_WARN_ENUM_CONVERSION = YES;
				CLANG_WARN_INT_CONVERSION = YES;
				CLANG_WARN_OBJC_ROOT_CLASS = YES_ERROR;
				CLANG_WARN_UNREACHABLE_CODE = YES;
				CLANG_WARN__DUPLICATE_METHOD_MATCH = YES;
				"CODE_SIGN_IDENTITY[sdk=iphoneos*]" = "iPhone Developer";
				COPY_PHASE_STRIP = YES;
				ENABLE_NS_ASSERTIONS = NO;
				ENABLE_STRICT_OBJC_MSGSEND = YES;
				GCC_C_LANGUAGE_STANDARD = gnu99;
				GCC_WARN_64_TO_32_BIT_CONVERSION = YES;
				GCC_WARN_ABOUT_RETURN_TYPE = YES_ERROR;
				GCC_WARN_UNDECLARED_SELECTOR = YES;
				GCC_WARN_UNINITIALIZED_AUTOS = YES_AGGRESSIVE;
				GCC_WARN_UNUSED_FUNCTION = YES;
				GCC_WARN_UNUSED_VARIABLE = YES;
				IPHONEOS_DEPLOYMENT_TARGET = 8.0;
				METAL_ENABLE_DEBUG_INFO = NO;
				SDKROOT = iphoneos;
				VALIDATE_PRODUCT = YES;
			};
			name = Release;
		};
		1F80FE1A194DEE2100623DD0 /* Debug */ = {
			isa = XCBuildConfiguration;
			buildSettings = {
				ASSETCATALOG_COMPILER_APPICON_NAME = AppIcon;
				ASSETCATALOG_COMPILER_LAUNCHIMAGE_NAME = LaunchImage;
				CODE_SIGN_IDENTITY = "iPhone Developer";
				INFOPLIST_FILE = TestApp/Info.plist;
				IPHONEOS_DEPLOYMENT_TARGET = 7.0;
				LD_RUNPATH_SEARCH_PATHS = "$(inherited) @executable_path/Frameworks";
				PRODUCT_NAME = "$(TARGET_NAME)";
			};
			name = Debug;
		};
		1F80FE1B194DEE2100623DD0 /* Release */ = {
			isa = XCBuildConfiguration;
			buildSettings = {
				ASSETCATALOG_COMPILER_APPICON_NAME = AppIcon;
				ASSETCATALOG_COMPILER_LAUNCHIMAGE_NAME = LaunchImage;
				CODE_SIGN_IDENTITY = "iPhone Developer";
				INFOPLIST_FILE = TestApp/Info.plist;
				IPHONEOS_DEPLOYMENT_TARGET = 7.0;
				LD_RUNPATH_SEARCH_PATHS = "$(inherited) @executable_path/Frameworks";
				PRODUCT_NAME = "$(TARGET_NAME)";
			};
			name = Release;
		};
		1F80FE1D194DEE2100623DD0 /* Debug */ = {
			isa = XCBuildConfiguration;
			buildSettings = {
				BUNDLE_LOADER = "$(BUILT_PRODUCTS_DIR)/TestApp.app/TestApp";
				FRAMEWORK_SEARCH_PATHS = (
					"$(SDKROOT)/Developer/Library/Frameworks",
					"$(inherited)",
				);
				GCC_PREPROCESSOR_DEFINITIONS = (
					"DEBUG=1",
					"$(inherited)",
				);
				INFOPLIST_FILE = TestAppTests/Info.plist;
				LD_RUNPATH_SEARCH_PATHS = "$(inherited) @executable_path/Frameworks @loader_path/Frameworks";
				METAL_ENABLE_DEBUG_INFO = YES;
				PRODUCT_NAME = "$(TARGET_NAME)";
				TEST_HOST = "$(BUNDLE_LOADER)";
			};
			name = Debug;
		};
		1F80FE1E194DEE2100623DD0 /* Release */ = {
			isa = XCBuildConfiguration;
			buildSettings = {
				BUNDLE_LOADER = "$(BUILT_PRODUCTS_DIR)/TestApp.app/TestApp";
				FRAMEWORK_SEARCH_PATHS = (
					"$(SDKROOT)/Developer/Library/Frameworks",
					"$(inherited)",
				);
				INFOPLIST_FILE = TestAppTests/Info.plist;
				LD_RUNPATH_SEARCH_PATHS = "$(inherited) @executable_path/Frameworks @loader_path/Frameworks";
				METAL_ENABLE_DEBUG_INFO = NO;
				PRODUCT_NAME = "$(TARGET_NAME)";
				TEST_HOST = "$(BUNDLE_LOADER)";
			};
			name = Release;
		};
/* End XCBuildConfiguration section */

/* Begin XCConfigurationList section */
		1F80FDF8194DEE2100623DD0 /* Build configuration list for PBXProject "TestApp" */ = {
			isa = XCConfigurationList;
			buildConfigurations = (
				1F80FE17194DEE2100623DD0 /* Debug */,
				1F80FE18194DEE2100623DD0 /* Release */,
			);
			defaultConfigurationIsVisible = 0;
			defaultConfigurationName = Release;
		};
		1F80FE19194DEE2100623DD0 /* Build configuration list for PBXNativeTarget "TestApp" */ = {
			isa = XCConfigurationList;
			buildConfigurations = (
				1F80FE1A194DEE2100623DD0 /* Debug */,
				1F80FE1B194DEE2100623DD0 /* Release */,
			);
			defaultConfigurationIsVisible = 0;
			defaultConfigurationName = Release;
		};
		1F80FE1C194DEE2100623DD0 /* Build configuration list for PBXNativeTarget "TestAppTests" */ = {
			isa = XCConfigurationList;
			buildConfigurations = (
				1F80FE1D194DEE2100623DD0 /* Debug */,
				1F80FE1E194DEE2100623DD0 /* Release */,
			);
			defaultConfigurationIsVisible = 0;
			defaultConfigurationName = Release;
		};
/* End XCConfigurationList section */
	};
	rootObject = 1F80FDF5194DEE2100623DD0 /* Project object */;
}
